
Microsoft Visual Studio Solution File, Format Version 11.00
# Visual Studio 2010
Project("{FAE04EC0-301F-11D3-BF4B-00C04F79EFBC}") = "JavaScript.Workshop", "JavaScript.Workshop\JavaScript.Workshop.csproj", "{AB7FB990-6722-49AE-98B8-0C0247D66446}"
EndProject
Global
	GlobalSection(SolutionConfigurationPlatforms) = preSolution
		Debug|Any CPU = Debug|Any CPU
		Release|Any CPU = Release|Any CPU
	EndGlobalSection
	GlobalSection(ProjectConfigurationPlatforms) = postSolution
		{AB7FB990-6722-49AE-98B8-0C0247D66446}.Debug|Any CPU.ActiveCfg = Debug|Any CPU
		{AB7FB990-6722-49AE-98B8-0C0247D66446}.Debug|Any CPU.Build.0 = Debug|Any CPU
		{AB7FB990-6722-49AE-98B8-0C0247D66446}.Release|Any CPU.ActiveCfg = Release|Any CPU
		{AB7FB990-6722-49AE-98B8-0C0247D66446}.Release|Any CPU.Build.0 = Release|Any CPU
	EndGlobalSection
	GlobalSection(SolutionProperties) = preSolution
		HideSolutionNode = FALSE
	EndGlobalSection
EndGlobal
